
Microsoft Visual Studio Solution File, Format Version 12.00
# Visual Studio Version 16
VisualStudioVersion = 16.0.810.11
MinimumVisualStudioVersion = 10.0.40219.1
Project("{FAE04EC0-301F-11D3-BF4B-00C04F79EFBC}") = "LittleToDo", "LittleToDo\LittleToDo.csproj", "{A86289BE-0502-449E-8A3A-08DA4FCCDE4F}"
EndProject
Global
	GlobalSection(SolutionConfigurationPlatforms) = preSolution
		Debug|Any CPU = Debug|Any CPU
		Release|Any CPU = Release|Any CPU
	EndGlobalSection
	GlobalSection(ProjectConfigurationPlatforms) = postSolution
		{A86289BE-0502-449E-8A3A-08DA4FCCDE4F}.Debug|Any CPU.ActiveCfg = Debug|Any CPU
		{A86289BE-0502-449E-8A3A-08DA4FCCDE4F}.Debug|Any CPU.Build.0 = Debug|Any CPU
		{A86289BE-0502-449E-8A3A-08DA4FCCDE4F}.Release|Any CPU.ActiveCfg = Release|Any CPU
		{A86289BE-0502-449E-8A3A-08DA4FCCDE4F}.Release|Any CPU.Build.0 = Release|Any CPU
	EndGlobalSection
	GlobalSection(SolutionProperties) = preSolution
		HideSolutionNode = FALSE
	EndGlobalSection
	GlobalSection(ExtensibilityGlobals) = postSolution
		SolutionGuid = {4B35B93A-0975-44A1-A9F1-F23E91EC3B28}
	EndGlobalSection
EndGlobal
